// !$*UTF8*$!
{
	archiveVersion = 1;
	classes = {
	};
	objectVersion = 55;
	objects = {

/* Begin PBXBuildFile section */
		DE0C36BC2899F6BD0041D6D1 /* AppDelegate.swift in Sources */ = {isa = PBXBuildFile; fileRef = DE0C36BB2899F6BD0041D6D1 /* AppDelegate.swift */; };
		DE0C36BE2899F6BD0041D6D1 /* SceneDelegate.swift in Sources */ = {isa = PBXBuildFile; fileRef = DE0C36BD2899F6BD0041D6D1 /* SceneDelegate.swift */; };
		DE0C36C32899F6BD0041D6D1 /* Main.storyboard in Resources */ = {isa = PBXBuildFile; fileRef = DE0C36C12899F6BD0041D6D1 /* Main.storyboard */; };
		DE0C36C52899F6C00041D6D1 /* Assets.xcassets in Resources */ = {isa = PBXBuildFile; fileRef = DE0C36C42899F6C00041D6D1 /* Assets.xcassets */; };
		DE0C36C82899F6C00041D6D1 /* LaunchScreen.storyboard in Resources */ = {isa = PBXBuildFile; fileRef = DE0C36C62899F6C00041D6D1 /* LaunchScreen.storyboard */; };
		DE0C36D02899F7EB0041D6D1 /* .gitignore in Resources */ = {isa = PBXBuildFile; fileRef = DE0C36CF2899F7EB0041D6D1 /* .gitignore */; };
		DE0C36D22899F86F0041D6D1 /* SearchViewController.swift in Sources */ = {isa = PBXBuildFile; fileRef = DE0C36D12899F86F0041D6D1 /* SearchViewController.swift */; };
		DE0C36D42899F88A0041D6D1 /* APIKey.swift in Sources */ = {isa = PBXBuildFile; fileRef = DE0C36D32899F88A0041D6D1 /* APIKey.swift */; };
		DE0C36D62899FA270041D6D1 /* Constant.swift in Sources */ = {isa = PBXBuildFile; fileRef = DE0C36D52899FA270041D6D1 /* Constant.swift */; };
		DE0C36D92899FAA60041D6D1 /* Example.swift in Sources */ = {isa = PBXBuildFile; fileRef = DE0C36D82899FAA60041D6D1 /* Example.swift */; };
		DE3AB245289BFBEC009396B3 /* SearchCollectionViewCell.swift in Sources */ = {isa = PBXBuildFile; fileRef = DE3AB243289BFBEC009396B3 /* SearchCollectionViewCell.swift */; };
		DE3AB246289BFBEC009396B3 /* SearchCollectionViewCell.xib in Resources */ = {isa = PBXBuildFile; fileRef = DE3AB244289BFBEC009396B3 /* SearchCollectionViewCell.xib */; };
/* End PBXBuildFile section */

/* Begin PBXFileReference section */
		DE0C36B82899F6BD0041D6D1 /* SeSACTMDBProject.app */ = {isa = PBXFileReference; explicitFileType = wrapper.application; includeInIndex = 0; path = SeSACTMDBProject.app; sourceTree = BUILT_PRODUCTS_DIR; };
		DE0C36BB2899F6BD0041D6D1 /* AppDelegate.swift */ = {isa = PBXFileReference; lastKnownFileType = sourcecode.swift; path = AppDelegate.swift; sourceTree = "<group>"; };
		DE0C36BD2899F6BD0041D6D1 /* SceneDelegate.swift */ = {isa = PBXFileReference; lastKnownFileType = sourcecode.swift; path = SceneDelegate.swift; sourceTree = "<group>"; };
		DE0C36C22899F6BD0041D6D1 /* Base */ = {isa = PBXFileReference; lastKnownFileType = file.storyboard; name = Base; path = Base.lproj/Main.storyboard; sourceTree = "<group>"; };
		DE0C36C42899F6C00041D6D1 /* Assets.xcassets */ = {isa = PBXFileReference; lastKnownFileType = folder.assetcatalog; path = Assets.xcassets; sourceTree = "<group>"; };
		DE0C36C72899F6C00041D6D1 /* Base */ = {isa = PBXFileReference; lastKnownFileType = file.storyboard; name = Base; path = Base.lproj/LaunchScreen.storyboard; sourceTree = "<group>"; };
		DE0C36C92899F6C00041D6D1 /* Info.plist */ = {isa = PBXFileReference; lastKnownFileType = text.plist.xml; path = Info.plist; sourceTree = "<group>"; };
		DE0C36CF2899F7EB0041D6D1 /* .gitignore */ = {isa = PBXFileReference; lastKnownFileType = text; path = .gitignore; sourceTree = "<group>"; };
		DE0C36D12899F86F0041D6D1 /* SearchViewController.swift */ = {isa = PBXFileReference; lastKnownFileType = sourcecode.swift; path = SearchViewController.swift; sourceTree = "<group>"; };
		DE0C36D32899F88A0041D6D1 /* APIKey.swift */ = {isa = PBXFileReference; lastKnownFileType = sourcecode.swift; path = APIKey.swift; sourceTree = "<group>"; };
		DE0C36D52899FA270041D6D1 /* Constant.swift */ = {isa = PBXFileReference; lastKnownFileType = sourcecode.swift; path = Constant.swift; sourceTree = "<group>"; };
		DE0C36D82899FAA60041D6D1 /* Example.swift */ = {isa = PBXFileReference; lastKnownFileType = sourcecode.swift; path = Example.swift; sourceTree = "<group>"; };
		DE3AB243289BFBEC009396B3 /* SearchCollectionViewCell.swift */ = {isa = PBXFileReference; lastKnownFileType = sourcecode.swift; path = SearchCollectionViewCell.swift; sourceTree = "<group>"; };
		DE3AB244289BFBEC009396B3 /* SearchCollectionViewCell.xib */ = {isa = PBXFileReference; lastKnownFileType = file.xib; path = SearchCollectionViewCell.xib; sourceTree = "<group>"; };
/* End PBXFileReference section */

/* Begin PBXFrameworksBuildPhase section */
		DE0C36B52899F6BD0041D6D1 /* Frameworks */ = {
			isa = PBXFrameworksBuildPhase;
			buildActionMask = 2147483647;
			files = (
			);
			runOnlyForDeploymentPostprocessing = 0;
		};
/* End PBXFrameworksBuildPhase section */

/* Begin PBXGroup section */
		DE0C36AF2899F6BD0041D6D1 = {
			isa = PBXGroup;
			children = (
				DE0C36CF2899F7EB0041D6D1 /* .gitignore */,
				DE0C36BA2899F6BD0041D6D1 /* SeSACTMDBProject */,
				DE0C36B92899F6BD0041D6D1 /* Products */,
			);
			sourceTree = "<group>";
		};
		DE0C36B92899F6BD0041D6D1 /* Products */ = {
			isa = PBXGroup;
			children = (
				DE0C36B82899F6BD0041D6D1 /* SeSACTMDBProject.app */,
			);
			name = Products;
			sourceTree = "<group>";
		};
		DE0C36BA2899F6BD0041D6D1 /* SeSACTMDBProject */ = {
			isa = PBXGroup;
			children = (
				DE0C36D72899FA8D0041D6D1 /* Key */,
				DE0C36DA2899FAB00041D6D1 /* Resource */,
				DE0C36D52899FA270041D6D1 /* Constant.swift */,
				DE0C36BB2899F6BD0041D6D1 /* AppDelegate.swift */,
				DE0C36BD2899F6BD0041D6D1 /* SceneDelegate.swift */,
				DE0C36C12899F6BD0041D6D1 /* Main.storyboard */,
				DE0C36C42899F6C00041D6D1 /* Assets.xcassets */,
				DE0C36C62899F6C00041D6D1 /* LaunchScreen.storyboard */,
				DE0C36C92899F6C00041D6D1 /* Info.plist */,
				DE0C36D12899F86F0041D6D1 /* SearchViewController.swift */,
				DE3AB243289BFBEC009396B3 /* SearchCollectionViewCell.swift */,
				DE3AB244289BFBEC009396B3 /* SearchCollectionViewCell.xib */,
			);
			path = SeSACTMDBProject;
			sourceTree = "<group>";
		};
		DE0C36D72899FA8D0041D6D1 /* Key */ = {
			isa = PBXGroup;
			children = (
				DE0C36D32899F88A0041D6D1 /* APIKey.swift */,
				DE0C36D82899FAA60041D6D1 /* Example.swift */,
			);
			path = Key;
			sourceTree = "<group>";
		};
		DE0C36DA2899FAB00041D6D1 /* Resource */ = {
			isa = PBXGroup;
			children = (
			);
			path = Resource;
			sourceTree = "<group>";
		};
/* End PBXGroup section */

/* Begin PBXNativeTarget section */
		DE0C36B72899F6BD0041D6D1 /* SeSACTMDBProject */ = {
			isa = PBXNativeTarget;
			buildConfigurationList = DE0C36CC2899F6C00041D6D1 /* Build configuration list for PBXNativeTarget "SeSACTMDBProject" */;
			buildPhases = (
				DE0C36B42899F6BD0041D6D1 /* Sources */,
				DE0C36B52899F6BD0041D6D1 /* Frameworks */,
				DE0C36B62899F6BD0041D6D1 /* Resources */,
			);
			buildRules = (
			);
			dependencies = (
			);
			name = SeSACTMDBProject;
			productName = SeSACTMDBProject;
			productReference = DE0C36B82899F6BD0041D6D1 /* SeSACTMDBProject.app */;
			productType = "com.apple.product-type.application";
		};
/* End PBXNativeTarget section */

/* Begin PBXProject section */
		DE0C36B02899F6BD0041D6D1 /* Project object */ = {
			isa = PBXProject;
			attributes = {
				BuildIndependentTargetsInParallel = 1;
				LastSwiftUpdateCheck = 1330;
				LastUpgradeCheck = 1330;
				TargetAttributes = {
					DE0C36B72899F6BD0041D6D1 = {
						CreatedOnToolsVersion = 13.3.1;
					};
				};
			};
			buildConfigurationList = DE0C36B32899F6BD0041D6D1 /* Build configuration list for PBXProject "SeSACTMDBProject" */;
			compatibilityVersion = "Xcode 13.0";
			developmentRegion = en;
			hasScannedForEncodings = 0;
			knownRegions = (
				en,
				Base,
			);
			mainGroup = DE0C36AF2899F6BD0041D6D1;
			productRefGroup = DE0C36B92899F6BD0041D6D1 /* Products */;
			projectDirPath = "";
			projectRoot = "";
			targets = (
				DE0C36B72899F6BD0041D6D1 /* SeSACTMDBProject */,
			);
		};
/* End PBXProject section */

/* Begin PBXResourcesBuildPhase section */
		DE0C36B62899F6BD0041D6D1 /* Resources */ = {
			isa = PBXResourcesBuildPhase;
			buildActionMask = 2147483647;
			files = (
				DE0C36D02899F7EB0041D6D1 /* .gitignore in Resources */,
				DE0C36C82899F6C00041D6D1 /* LaunchScreen.storyboard in Resources */,
				DE3AB246289BFBEC009396B3 /* SearchCollectionViewCell.xib in Resources */,
				DE0C36C52899F6C00041D6D1 /* Assets.xcassets in Resources */,
				DE0C36C32899F6BD0041D6D1 /* Main.storyboard in Resources */,
			);
			runOnlyForDeploymentPostprocessing = 0;
		};
/* End PBXResourcesBuildPhase section */

/* Begin PBXSourcesBuildPhase section */
		DE0C36B42899F6BD0041D6D1 /* Sources */ = {
			isa = PBXSourcesBuildPhase;
			buildActionMask = 2147483647;
			files = (
				DE0C36D92899FAA60041D6D1 /* Example.swift in Sources */,
				DE0C36BC2899F6BD0041D6D1 /* AppDelegate.swift in Sources */,
				DE0C36D22899F86F0041D6D1 /* SearchViewController.swift in Sources */,
				DE0C36BE2899F6BD0041D6D1 /* SceneDelegate.swift in Sources */,
				DE0C36D42899F88A0041D6D1 /* APIKey.swift in Sources */,
				DE3AB245289BFBEC009396B3 /* SearchCollectionViewCell.swift in Sources */,
				DE0C36D62899FA270041D6D1 /* Constant.swift in Sources */,
			);
			runOnlyForDeploymentPostprocessing = 0;
		};
/* End PBXSourcesBuildPhase section */

/* Begin PBXVariantGroup section */
		DE0C36C12899F6BD0041D6D1 /* Main.storyboard */ = {
			isa = PBXVariantGroup;
			children = (
				DE0C36C22899F6BD0041D6D1 /* Base */,
			);
			name = Main.storyboard;
			sourceTree = "<group>";
		};
		DE0C36C62899F6C00041D6D1 /* LaunchScreen.storyboard */ = {
			isa = PBXVariantGroup;
			children = (
				DE0C36C72899F6C00041D6D1 /* Base */,
			);
			name = LaunchScreen.storyboard;
			sourceTree = "<group>";
		};
/* End PBXVariantGroup section */

/* Begin XCBuildConfiguration section */
		DE0C36CA2899F6C00041D6D1 /* Debug */ = {
			isa = XCBuildConfiguration;
			buildSettings = {
				ALWAYS_SEARCH_USER_PATHS = NO;
				CLANG_ANALYZER_NONNULL = YES;
				CLANG_ANALYZER_NUMBER_OBJECT_CONVERSION = YES_AGGRESSIVE;
				CLANG_CXX_LANGUAGE_STANDARD = "gnu++17";
				CLANG_ENABLE_MODULES = YES;
				CLANG_ENABLE_OBJC_ARC = YES;
				CLANG_ENABLE_OBJC_WEAK = YES;
				CLANG_WARN_BLOCK_CAPTURE_AUTORELEASING = YES;
				CLANG_WARN_BOOL_CONVERSION = YES;
				CLANG_WARN_COMMA = YES;
				CLANG_WARN_CONSTANT_CONVERSION = YES;
				CLANG_WARN_DEPRECATED_OBJC_IMPLEMENTATIONS = YES;
				CLANG_WARN_DIRECT_OBJC_ISA_USAGE = YES_ERROR;
				CLANG_WARN_DOCUMENTATION_COMMENTS = YES;
				CLANG_WARN_EMPTY_BODY = YES;
				CLANG_WARN_ENUM_CONVERSION = YES;
				CLANG_WARN_INFINITE_RECURSION = YES;
				CLANG_WARN_INT_CONVERSION = YES;
				CLANG_WARN_NON_LITERAL_NULL_CONVERSION = YES;
				CLANG_WARN_OBJC_IMPLICIT_RETAIN_SELF = YES;
				CLANG_WARN_OBJC_LITERAL_CONVERSION = YES;
				CLANG_WARN_OBJC_ROOT_CLASS = YES_ERROR;
				CLANG_WARN_QUOTED_INCLUDE_IN_FRAMEWORK_HEADER = YES;
				CLANG_WARN_RANGE_LOOP_ANALYSIS = YES;
				CLANG_WARN_STRICT_PROTOTYPES = YES;
				CLANG_WARN_SUSPICIOUS_MOVE = YES;
				CLANG_WARN_UNGUARDED_AVAILABILITY = YES_AGGRESSIVE;
				CLANG_WARN_UNREACHABLE_CODE = YES;
				CLANG_WARN__DUPLICATE_METHOD_MATCH = YES;
				COPY_PHASE_STRIP = NO;
				DEBUG_INFORMATION_FORMAT = dwarf;
				ENABLE_STRICT_OBJC_MSGSEND = YES;
				ENABLE_TESTABILITY = YES;
				GCC_C_LANGUAGE_STANDARD = gnu11;
				GCC_DYNAMIC_NO_PIC = NO;
				GCC_NO_COMMON_BLOCKS = YES;
				GCC_OPTIMIZATION_LEVEL = 0;
				GCC_PREPROCESSOR_DEFINITIONS = (
					"DEBUG=1",
					"$(inherited)",
				);
				GCC_WARN_64_TO_32_BIT_CONVERSION = YES;
				GCC_WARN_ABOUT_RETURN_TYPE = YES_ERROR;
				GCC_WARN_UNDECLARED_SELECTOR = YES;
				GCC_WARN_UNINITIALIZED_AUTOS = YES_AGGRESSIVE;
				GCC_WARN_UNUSED_FUNCTION = YES;
				GCC_WARN_UNUSED_VARIABLE = YES;
				IPHONEOS_DEPLOYMENT_TARGET = 15.4;
				MTL_ENABLE_DEBUG_INFO = INCLUDE_SOURCE;
				MTL_FAST_MATH = YES;
				ONLY_ACTIVE_ARCH = YES;
				SDKROOT = iphoneos;
				SWIFT_ACTIVE_COMPILATION_CONDITIONS = DEBUG;
				SWIFT_OPTIMIZATION_LEVEL = "-Onone";
			};
			name = Debug;
		};
		DE0C36CB2899F6C00041D6D1 /* Release */ = {
			isa = XCBuildConfiguration;
			buildSettings = {
				ALWAYS_SEARCH_USER_PATHS = NO;
				CLANG_ANALYZER_NONNULL = YES;
				CLANG_ANALYZER_NUMBER_OBJECT_CONVERSION = YES_AGGRESSIVE;
				CLANG_CXX_LANGUAGE_STANDARD = "gnu++17";
				CLANG_ENABLE_MODULES = YES;
				CLANG_ENABLE_OBJC_ARC = YES;
				CLANG_ENABLE_OBJC_WEAK = YES;
				CLANG_WARN_BLOCK_CAPTURE_AUTORELEASING = YES;
				CLANG_WARN_BOOL_CONVERSION = YES;
				CLANG_WARN_COMMA = YES;
				CLANG_WARN_CONSTANT_CONVERSION = YES;
				CLANG_WARN_DEPRECATED_OBJC_IMPLEMENTATIONS = YES;
				CLANG_WARN_DIRECT_OBJC_ISA_USAGE = YES_ERROR;
				CLANG_WARN_DOCUMENTATION_COMMENTS = YES;
				CLANG_WARN_EMPTY_BODY = YES;
				CLANG_WARN_ENUM_CONVERSION = YES;
				CLANG_WARN_INFINITE_RECURSION = YES;
				CLANG_WARN_INT_CONVERSION = YES;
				CLANG_WARN_NON_LITERAL_NULL_CONVERSION = YES;
				CLANG_WARN_OBJC_IMPLICIT_RETAIN_SELF = YES;
				CLANG_WARN_OBJC_LITERAL_CONVERSION = YES;
				CLANG_WARN_OBJC_ROOT_CLASS = YES_ERROR;
				CLANG_WARN_QUOTED_INCLUDE_IN_FRAMEWORK_HEADER = YES;
				CLANG_WARN_RANGE_LOOP_ANALYSIS = YES;
				CLANG_WARN_STRICT_PROTOTYPES = YES;
				CLANG_WARN_SUSPICIOUS_MOVE = YES;
				CLANG_WARN_UNGUARDED_AVAILABILITY = YES_AGGRESSIVE;
				CLANG_WARN_UNREACHABLE_CODE = YES;
				CLANG_WARN__DUPLICATE_METHOD_MATCH = YES;
				COPY_PHASE_STRIP = NO;
				DEBUG_INFORMATION_FORMAT = "dwarf-with-dsym";
				ENABLE_NS_ASSERTIONS = NO;
				ENABLE_STRICT_OBJC_MSGSEND = YES;
				GCC_C_LANGUAGE_STANDARD = gnu11;
				GCC_NO_COMMON_BLOCKS = YES;
				GCC_WARN_64_TO_32_BIT_CONVERSION = YES;
				GCC_WARN_ABOUT_RETURN_TYPE = YES_ERROR;
				GCC_WARN_UNDECLARED_SELECTOR = YES;
				GCC_WARN_UNINITIALIZED_AUTOS = YES_AGGRESSIVE;
				GCC_WARN_UNUSED_FUNCTION = YES;
				GCC_WARN_UNUSED_VARIABLE = YES;
				IPHONEOS_DEPLOYMENT_TARGET = 15.4;
				MTL_ENABLE_DEBUG_INFO = NO;
				MTL_FAST_MATH = YES;
				SDKROOT = iphoneos;
				SWIFT_COMPILATION_MODE = wholemodule;
				SWIFT_OPTIMIZATION_LEVEL = "-O";
				VALIDATE_PRODUCT = YES;
			};
			name = Release;
		};
		DE0C36CD2899F6C00041D6D1 /* Debug */ = {
			isa = XCBuildConfiguration;
			buildSettings = {
				ASSETCATALOG_COMPILER_APPICON_NAME = AppIcon;
				ASSETCATALOG_COMPILER_GLOBAL_ACCENT_COLOR_NAME = AccentColor;
				CODE_SIGN_STYLE = Automatic;
				CURRENT_PROJECT_VERSION = 1;
				GENERATE_INFOPLIST_FILE = YES;
				INFOPLIST_FILE = SeSACTMDBProject/Info.plist;
				INFOPLIST_KEY_UIApplicationSupportsIndirectInputEvents = YES;
				INFOPLIST_KEY_UILaunchStoryboardName = LaunchScreen;
				INFOPLIST_KEY_UIMainStoryboardFile = Main;
				INFOPLIST_KEY_UISupportedInterfaceOrientations_iPad = "UIInterfaceOrientationPortrait UIInterfaceOrientationPortraitUpsideDown UIInterfaceOrientationLandscapeLeft UIInterfaceOrientationLandscapeRight";
				INFOPLIST_KEY_UISupportedInterfaceOrientations_iPhone = "UIInterfaceOrientationPortrait UIInterfaceOrientationLandscapeLeft UIInterfaceOrientationLandscapeRight";
				LD_RUNPATH_SEARCH_PATHS = (
					"$(inherited)",
					"@executable_path/Frameworks",
				);
				MARKETING_VERSION = 1.0;
				PRODUCT_BUNDLE_IDENTIFIER = com.sesac.SeSACTMDBProject;
				PRODUCT_NAME = "$(TARGET_NAME)";
				SWIFT_EMIT_LOC_STRINGS = YES;
				SWIFT_VERSION = 5.0;
				TARGETED_DEVICE_FAMILY = "1,2";
			};
			name = Debug;
		};
		DE0C36CE2899F6C00041D6D1 /* Release */ = {
			isa = XCBuildConfiguration;
			buildSettings = {
				ASSETCATALOG_COMPILER_APPICON_NAME = AppIcon;
				ASSETCATALOG_COMPILER_GLOBAL_ACCENT_COLOR_NAME = AccentColor;
				CODE_SIGN_STYLE = Automatic;
				CURRENT_PROJECT_VERSION = 1;
				GENERATE_INFOPLIST_FILE = YES;
				INFOPLIST_FILE = SeSACTMDBProject/Info.plist;
				INFOPLIST_KEY_UIApplicationSupportsIndirectInputEvents = YES;
				INFOPLIST_KEY_UILaunchStoryboardName = LaunchScreen;
				INFOPLIST_KEY_UIMainStoryboardFile = Main;
				INFOPLIST_KEY_UISupportedInterfaceOrientations_iPad = "UIInterfaceOrientationPortrait UIInterfaceOrientationPortraitUpsideDown UIInterfaceOrientationLandscapeLeft UIInterfaceOrientationLandscapeRight";
				INFOPLIST_KEY_UISupportedInterfaceOrientations_iPhone = "UIInterfaceOrientationPortrait UIInterfaceOrientationLandscapeLeft UIInterfaceOrientationLandscapeRight";
				LD_RUNPATH_SEARCH_PATHS = (
					"$(inherited)",
					"@executable_path/Frameworks",
				);
				MARKETING_VERSION = 1.0;
				PRODUCT_BUNDLE_IDENTIFIER = com.sesac.SeSACTMDBProject;
				PRODUCT_NAME = "$(TARGET_NAME)";
				SWIFT_EMIT_LOC_STRINGS = YES;
				SWIFT_VERSION = 5.0;
				TARGETED_DEVICE_FAMILY = "1,2";
			};
			name = Release;
		};
/* End XCBuildConfiguration section */

/* Begin XCConfigurationList section */
		DE0C36B32899F6BD0041D6D1 /* Build configuration list for PBXProject "SeSACTMDBProject" */ = {
			isa = XCConfigurationList;
			buildConfigurations = (
				DE0C36CA2899F6C00041D6D1 /* Debug */,
				DE0C36CB2899F6C00041D6D1 /* Release */,
			);
			defaultConfigurationIsVisible = 0;
			defaultConfigurationName = Release;
		};
		DE0C36CC2899F6C00041D6D1 /* Build configuration list for PBXNativeTarget "SeSACTMDBProject" */ = {
			isa = XCConfigurationList;
			buildConfigurations = (
				DE0C36CD2899F6C00041D6D1 /* Debug */,
				DE0C36CE2899F6C00041D6D1 /* Release */,
			);
			defaultConfigurationIsVisible = 0;
			defaultConfigurationName = Release;
		};
/* End XCConfigurationList section */
	};
	rootObject = DE0C36B02899F6BD0041D6D1 /* Project object */;
}
