// !$*UTF8*$!
{
	archiveVersion = 1;
	classes = {
	};
	objectVersion = 55;
	objects = {

/* Begin PBXBuildFile section */
		DE0C36BC2899F6BD0041D6D1 /* AppDelegate.swift in Sources */ = {isa = PBXBuildFile; fileRef = DE0C36BB2899F6BD0041D6D1 /* AppDelegate.swift */; };
		DE0C36BE2899F6BD0041D6D1 /* SceneDelegate.swift in Sources */ = {isa = PBXBuildFile; fileRef = DE0C36BD2899F6BD0041D6D1 /* SceneDelegate.swift */; };
		DE0C36C32899F6BD0041D6D1 /* Main.storyboard in Resources */ = {isa = PBXBuildFile; fileRef = DE0C36C12899F6BD0041D6D1 /* Main.storyboard */; };
		DE0C36C52899F6C00041D6D1 /* Assets.xcassets in Resources */ = {isa = PBXBuildFile; fileRef = DE0C36C42899F6C00041D6D1 /* Assets.xcassets */; };
		DE0C36C82899F6C00041D6D1 /* LaunchScreen.storyboard in Resources */ = {isa = PBXBuildFile; fileRef = DE0C36C62899F6C00041D6D1 /* LaunchScreen.storyboard */; };
		DE0C36D02899F7EB0041D6D1 /* .gitignore in Resources */ = {isa = PBXBuildFile; fileRef = DE0C36CF2899F7EB0041D6D1 /* .gitignore */; };
		DE0C36D22899F86F0041D6D1 /* SearchViewController.swift in Sources */ = {isa = PBXBuildFile; fileRef = DE0C36D12899F86F0041D6D1 /* SearchViewController.swift */; };
		DE0C36D42899F88A0041D6D1 /* APIKey.swift in Sources */ = {isa = PBXBuildFile; fileRef = DE0C36D32899F88A0041D6D1 /* APIKey.swift */; };
		DE0C36D62899FA270041D6D1 /* Constant.swift in Sources */ = {isa = PBXBuildFile; fileRef = DE0C36D52899FA270041D6D1 /* Constant.swift */; };
		DE10F77228A2431C00E78677 /* MainViewController.swift in Sources */ = {isa = PBXBuildFile; fileRef = DE10F77128A2431C00E78677 /* MainViewController.swift */; };
		DE184ACE28A4EDED003C73D1 /* MapViewController.swift in Sources */ = {isa = PBXBuildFile; fileRef = DE184ACD28A4EDED003C73D1 /* MapViewController.swift */; };
		DE1A7F8F289FFBE600882B70 /* CastOverviewTableViewCell.swift in Sources */ = {isa = PBXBuildFile; fileRef = DE1A7F8D289FFBE600882B70 /* CastOverviewTableViewCell.swift */; };
		DE1A7F90289FFBE600882B70 /* CastOverviewTableViewCell.xib in Resources */ = {isa = PBXBuildFile; fileRef = DE1A7F8E289FFBE600882B70 /* CastOverviewTableViewCell.xib */; };
		DE3AB245289BFBEC009396B3 /* SearchCollectionViewCell.swift in Sources */ = {isa = PBXBuildFile; fileRef = DE3AB243289BFBEC009396B3 /* SearchCollectionViewCell.swift */; };
		DE3AB246289BFBEC009396B3 /* SearchCollectionViewCell.xib in Resources */ = {isa = PBXBuildFile; fileRef = DE3AB244289BFBEC009396B3 /* SearchCollectionViewCell.xib */; };
		DE3AB249289C0374009396B3 /* SwiftyJSON in Frameworks */ = {isa = PBXBuildFile; productRef = DE3AB248289C0374009396B3 /* SwiftyJSON */; };
		DE3AB24C289C03B2009396B3 /* Alamofire in Frameworks */ = {isa = PBXBuildFile; productRef = DE3AB24B289C03B2009396B3 /* Alamofire */; };
		DE3AB24F289C0F66009396B3 /* Kingfisher in Frameworks */ = {isa = PBXBuildFile; productRef = DE3AB24E289C0F66009396B3 /* Kingfisher */; };
		DE5DE38428AB7573004081AB /* Intro.storyboard in Resources */ = {isa = PBXBuildFile; fileRef = DE5DE38328AB7573004081AB /* Intro.storyboard */; };
		DE5DE38628AB75AD004081AB /* IntroPageViewController.swift in Sources */ = {isa = PBXBuildFile; fileRef = DE5DE38528AB75AD004081AB /* IntroPageViewController.swift */; };
		DE5DE38828AB75D5004081AB /* FirstViewController.swift in Sources */ = {isa = PBXBuildFile; fileRef = DE5DE38728AB75D5004081AB /* FirstViewController.swift */; };
		DE5DE38A28AB75DD004081AB /* SecondViewController.swift in Sources */ = {isa = PBXBuildFile; fileRef = DE5DE38928AB75DD004081AB /* SecondViewController.swift */; };
		DE5DE38C28AB75E3004081AB /* ThirdViewController.swift in Sources */ = {isa = PBXBuildFile; fileRef = DE5DE38B28AB75E3004081AB /* ThirdViewController.swift */; };
		DE5DE38E28AB7BEC004081AB /* SeSACFramework.framework in Frameworks */ = {isa = PBXBuildFile; fileRef = DE5DE37D28AB74B9004081AB /* SeSACFramework.framework */; };
		DE5DE38F28AB7BEC004081AB /* SeSACFramework.framework in Embed Frameworks */ = {isa = PBXBuildFile; fileRef = DE5DE37D28AB74B9004081AB /* SeSACFramework.framework */; settings = {ATTRIBUTES = (CodeSignOnCopy, RemoveHeadersOnCopy, ); }; };
		DE6FD23B289E30270080B99D /* CastTableViewController.swift in Sources */ = {isa = PBXBuildFile; fileRef = DE6FD23A289E30270080B99D /* CastTableViewController.swift */; };
		DE6FD23D289E34DF0080B99D /* CastTableViewCell.swift in Sources */ = {isa = PBXBuildFile; fileRef = DE6FD23C289E34DF0080B99D /* CastTableViewCell.swift */; };
		DE6FD23F289E73510080B99D /* MovieAPIManager.swift in Sources */ = {isa = PBXBuildFile; fileRef = DE6FD23E289E73510080B99D /* MovieAPIManager.swift */; };
		DE6FD242289E74120080B99D /* Movie.swift in Sources */ = {isa = PBXBuildFile; fileRef = DE6FD241289E74120080B99D /* Movie.swift */; };
		DE6FD244289E862A0080B99D /* GenreAPIManager.swift in Sources */ = {isa = PBXBuildFile; fileRef = DE6FD243289E862A0080B99D /* GenreAPIManager.swift */; };
		DE8A33E9289CFC400062D5A7 /* SearchAPIManager.swift in Sources */ = {isa = PBXBuildFile; fileRef = DE8A33E8289CFC400062D5A7 /* SearchAPIManager.swift */; };
		DE9207B1293455320077BA13 /* StoreKit.framework in Frameworks */ = {isa = PBXBuildFile; fileRef = DE9207B0293455320077BA13 /* StoreKit.framework */; };
		DE9207B3293455890077BA13 /* InAppViewController.swift in Sources */ = {isa = PBXBuildFile; fileRef = DE9207B2293455890077BA13 /* InAppViewController.swift */; };
		DEA0346528A3A743002633C3 /* GroupsAPIManager.swift in Sources */ = {isa = PBXBuildFile; fileRef = DEA0346428A3A743002633C3 /* GroupsAPIManager.swift */; };
		DEA189D928A244050010692F /* MainTableViewCell.swift in Sources */ = {isa = PBXBuildFile; fileRef = DEA189D828A244050010692F /* MainTableViewCell.swift */; };
		DEA189DC28A2460A0010692F /* CardCollectionViewCell.swift in Sources */ = {isa = PBXBuildFile; fileRef = DEA189DA28A246090010692F /* CardCollectionViewCell.swift */; };
		DEA189DD28A2460A0010692F /* CardCollectionViewCell.xib in Resources */ = {isa = PBXBuildFile; fileRef = DEA189DB28A2460A0010692F /* CardCollectionViewCell.xib */; };
		DED10E8D28ACD16600D9CEAA /* TMDBAPIManager.swift in Sources */ = {isa = PBXBuildFile; fileRef = DED10E8C28ACD16600D9CEAA /* TMDBAPIManager.swift */; };
		DEDC8AA128A021EC0028E399 /* WebViewController.swift in Sources */ = {isa = PBXBuildFile; fileRef = DEDC8AA028A021EC0028E399 /* WebViewController.swift */; };
		DEDC8AA328A026CD0028E399 /* VideoAPIManager.swift in Sources */ = {isa = PBXBuildFile; fileRef = DEDC8AA228A026CD0028E399 /* VideoAPIManager.swift */; };
		DEE0E22828A3800800B77CBC /* RecommendationsTableViewCell.swift in Sources */ = {isa = PBXBuildFile; fileRef = DEE0E22628A3800800B77CBC /* RecommendationsTableViewCell.swift */; };
		DEE0E22B28A380B400B77CBC /* PosterView.swift in Sources */ = {isa = PBXBuildFile; fileRef = DEE0E22A28A380B400B77CBC /* PosterView.swift */; };
		DEE0E22D28A380D000B77CBC /* PosterView.xib in Resources */ = {isa = PBXBuildFile; fileRef = DEE0E22C28A380D000B77CBC /* PosterView.xib */; };
		DEE0E23028A3830E00B77CBC /* RecommendationsCollectionViewCell.swift in Sources */ = {isa = PBXBuildFile; fileRef = DEE0E22E28A3830E00B77CBC /* RecommendationsCollectionViewCell.swift */; };
		DEE0E23128A3830E00B77CBC /* RecommendationsCollectionViewCell.xib in Resources */ = {isa = PBXBuildFile; fileRef = DEE0E22F28A3830E00B77CBC /* RecommendationsCollectionViewCell.xib */; };
		DEE0E23728A38AAE00B77CBC /* RecommendationsAPIManager.swift in Sources */ = {isa = PBXBuildFile; fileRef = DEE0E23628A38AAE00B77CBC /* RecommendationsAPIManager.swift */; };
		DEE0E23928A394BC00B77CBC /* SimilarAPIManager.swift in Sources */ = {isa = PBXBuildFile; fileRef = DEE0E23828A394BC00B77CBC /* SimilarAPIManager.swift */; };
		DEF0D08A289F984F00AD88CB /* CastAPIManager.swift in Sources */ = {isa = PBXBuildFile; fileRef = DEF0D089289F984F00AD88CB /* CastAPIManager.swift */; };
/* End PBXBuildFile section */

/* Begin PBXContainerItemProxy section */
		DE5DE37C28AB74B9004081AB /* PBXContainerItemProxy */ = {
			isa = PBXContainerItemProxy;
			containerPortal = DE5DE37728AB74B8004081AB /* SeSACFramework.xcodeproj */;
			proxyType = 2;
			remoteGlobalIDString = DE5DE35728AB73D4004081AB;
			remoteInfo = SeSACFramework;
		};
		DE5DE37E28AB74B9004081AB /* PBXContainerItemProxy */ = {
			isa = PBXContainerItemProxy;
			containerPortal = DE5DE37728AB74B8004081AB /* SeSACFramework.xcodeproj */;
			proxyType = 2;
			remoteGlobalIDString = DE5DE36128AB73D5004081AB;
			remoteInfo = SeSACFrameworkTests;
		};
/* End PBXContainerItemProxy section */

/* Begin PBXCopyFilesBuildPhase section */
		DE5DE39028AB7BEC004081AB /* Embed Frameworks */ = {
			isa = PBXCopyFilesBuildPhase;
			buildActionMask = 2147483647;
			dstPath = "";
			dstSubfolderSpec = 10;
			files = (
				DE5DE38F28AB7BEC004081AB /* SeSACFramework.framework in Embed Frameworks */,
			);
			name = "Embed Frameworks";
			runOnlyForDeploymentPostprocessing = 0;
		};
/* End PBXCopyFilesBuildPhase section */

/* Begin PBXFileReference section */
		DE0C36B82899F6BD0041D6D1 /* SeSACTMDBProject.app */ = {isa = PBXFileReference; explicitFileType = wrapper.application; includeInIndex = 0; path = SeSACTMDBProject.app; sourceTree = BUILT_PRODUCTS_DIR; };
		DE0C36BB2899F6BD0041D6D1 /* AppDelegate.swift */ = {isa = PBXFileReference; lastKnownFileType = sourcecode.swift; path = AppDelegate.swift; sourceTree = "<group>"; };
		DE0C36BD2899F6BD0041D6D1 /* SceneDelegate.swift */ = {isa = PBXFileReference; lastKnownFileType = sourcecode.swift; path = SceneDelegate.swift; sourceTree = "<group>"; };
		DE0C36C22899F6BD0041D6D1 /* Base */ = {isa = PBXFileReference; lastKnownFileType = file.storyboard; name = Base; path = Base.lproj/Main.storyboard; sourceTree = "<group>"; };
		DE0C36C42899F6C00041D6D1 /* Assets.xcassets */ = {isa = PBXFileReference; lastKnownFileType = folder.assetcatalog; path = Assets.xcassets; sourceTree = "<group>"; };
		DE0C36C72899F6C00041D6D1 /* Base */ = {isa = PBXFileReference; lastKnownFileType = file.storyboard; name = Base; path = Base.lproj/LaunchScreen.storyboard; sourceTree = "<group>"; };
		DE0C36C92899F6C00041D6D1 /* Info.plist */ = {isa = PBXFileReference; lastKnownFileType = text.plist.xml; path = Info.plist; sourceTree = "<group>"; };
		DE0C36CF2899F7EB0041D6D1 /* .gitignore */ = {isa = PBXFileReference; lastKnownFileType = text; path = .gitignore; sourceTree = "<group>"; };
		DE0C36D12899F86F0041D6D1 /* SearchViewController.swift */ = {isa = PBXFileReference; lastKnownFileType = sourcecode.swift; path = SearchViewController.swift; sourceTree = "<group>"; };
		DE0C36D32899F88A0041D6D1 /* APIKey.swift */ = {isa = PBXFileReference; lastKnownFileType = sourcecode.swift; path = APIKey.swift; sourceTree = "<group>"; };
		DE0C36D52899FA270041D6D1 /* Constant.swift */ = {isa = PBXFileReference; lastKnownFileType = sourcecode.swift; path = Constant.swift; sourceTree = "<group>"; };
		DE10F77128A2431C00E78677 /* MainViewController.swift */ = {isa = PBXFileReference; lastKnownFileType = sourcecode.swift; path = MainViewController.swift; sourceTree = "<group>"; };
		DE184ACD28A4EDED003C73D1 /* MapViewController.swift */ = {isa = PBXFileReference; lastKnownFileType = sourcecode.swift; path = MapViewController.swift; sourceTree = "<group>"; };
		DE1A7F8D289FFBE600882B70 /* CastOverviewTableViewCell.swift */ = {isa = PBXFileReference; lastKnownFileType = sourcecode.swift; path = CastOverviewTableViewCell.swift; sourceTree = "<group>"; };
		DE1A7F8E289FFBE600882B70 /* CastOverviewTableViewCell.xib */ = {isa = PBXFileReference; lastKnownFileType = file.xib; path = CastOverviewTableViewCell.xib; sourceTree = "<group>"; };
		DE3AB243289BFBEC009396B3 /* SearchCollectionViewCell.swift */ = {isa = PBXFileReference; lastKnownFileType = sourcecode.swift; path = SearchCollectionViewCell.swift; sourceTree = "<group>"; };
		DE3AB244289BFBEC009396B3 /* SearchCollectionViewCell.xib */ = {isa = PBXFileReference; lastKnownFileType = file.xib; path = SearchCollectionViewCell.xib; sourceTree = "<group>"; };
		DE5DE37728AB74B8004081AB /* SeSACFramework.xcodeproj */ = {isa = PBXFileReference; lastKnownFileType = "wrapper.pb-project"; name = SeSACFramework.xcodeproj; path = ../SeSACFramework/SeSACFramework.xcodeproj; sourceTree = "<group>"; };
		DE5DE38328AB7573004081AB /* Intro.storyboard */ = {isa = PBXFileReference; lastKnownFileType = file.storyboard; path = Intro.storyboard; sourceTree = "<group>"; };
		DE5DE38528AB75AD004081AB /* IntroPageViewController.swift */ = {isa = PBXFileReference; lastKnownFileType = sourcecode.swift; path = IntroPageViewController.swift; sourceTree = "<group>"; };
		DE5DE38728AB75D5004081AB /* FirstViewController.swift */ = {isa = PBXFileReference; lastKnownFileType = sourcecode.swift; path = FirstViewController.swift; sourceTree = "<group>"; };
		DE5DE38928AB75DD004081AB /* SecondViewController.swift */ = {isa = PBXFileReference; lastKnownFileType = sourcecode.swift; path = SecondViewController.swift; sourceTree = "<group>"; };
		DE5DE38B28AB75E3004081AB /* ThirdViewController.swift */ = {isa = PBXFileReference; lastKnownFileType = sourcecode.swift; path = ThirdViewController.swift; sourceTree = "<group>"; };
		DE6FD23A289E30270080B99D /* CastTableViewController.swift */ = {isa = PBXFileReference; lastKnownFileType = sourcecode.swift; path = CastTableViewController.swift; sourceTree = "<group>"; };
		DE6FD23C289E34DF0080B99D /* CastTableViewCell.swift */ = {isa = PBXFileReference; lastKnownFileType = sourcecode.swift; path = CastTableViewCell.swift; sourceTree = "<group>"; };
		DE6FD23E289E73510080B99D /* MovieAPIManager.swift */ = {isa = PBXFileReference; lastKnownFileType = sourcecode.swift; path = MovieAPIManager.swift; sourceTree = "<group>"; };
		DE6FD241289E74120080B99D /* Movie.swift */ = {isa = PBXFileReference; lastKnownFileType = sourcecode.swift; path = Movie.swift; sourceTree = "<group>"; };
		DE6FD243289E862A0080B99D /* GenreAPIManager.swift */ = {isa = PBXFileReference; lastKnownFileType = sourcecode.swift; path = GenreAPIManager.swift; sourceTree = "<group>"; };
		DE8A33E8289CFC400062D5A7 /* SearchAPIManager.swift */ = {isa = PBXFileReference; lastKnownFileType = sourcecode.swift; path = SearchAPIManager.swift; sourceTree = "<group>"; };
		DE9207B0293455320077BA13 /* StoreKit.framework */ = {isa = PBXFileReference; lastKnownFileType = wrapper.framework; name = StoreKit.framework; path = System/Library/Frameworks/StoreKit.framework; sourceTree = SDKROOT; };
		DE9207B2293455890077BA13 /* InAppViewController.swift */ = {isa = PBXFileReference; lastKnownFileType = sourcecode.swift; path = InAppViewController.swift; sourceTree = "<group>"; };
		DEA0346428A3A743002633C3 /* GroupsAPIManager.swift */ = {isa = PBXFileReference; lastKnownFileType = sourcecode.swift; path = GroupsAPIManager.swift; sourceTree = "<group>"; };
		DEA189D828A244050010692F /* MainTableViewCell.swift */ = {isa = PBXFileReference; lastKnownFileType = sourcecode.swift; path = MainTableViewCell.swift; sourceTree = "<group>"; };
		DEA189DA28A246090010692F /* CardCollectionViewCell.swift */ = {isa = PBXFileReference; lastKnownFileType = sourcecode.swift; path = CardCollectionViewCell.swift; sourceTree = "<group>"; };
		DEA189DB28A2460A0010692F /* CardCollectionViewCell.xib */ = {isa = PBXFileReference; lastKnownFileType = file.xib; path = CardCollectionViewCell.xib; sourceTree = "<group>"; };
		DED10E8C28ACD16600D9CEAA /* TMDBAPIManager.swift */ = {isa = PBXFileReference; lastKnownFileType = sourcecode.swift; path = TMDBAPIManager.swift; sourceTree = "<group>"; };
		DEDC8AA028A021EC0028E399 /* WebViewController.swift */ = {isa = PBXFileReference; lastKnownFileType = sourcecode.swift; path = WebViewController.swift; sourceTree = "<group>"; };
		DEDC8AA228A026CD0028E399 /* VideoAPIManager.swift */ = {isa = PBXFileReference; lastKnownFileType = sourcecode.swift; path = VideoAPIManager.swift; sourceTree = "<group>"; };
		DEE0E22628A3800800B77CBC /* RecommendationsTableViewCell.swift */ = {isa = PBXFileReference; lastKnownFileType = sourcecode.swift; path = RecommendationsTableViewCell.swift; sourceTree = "<group>"; };
		DEE0E22A28A380B400B77CBC /* PosterView.swift */ = {isa = PBXFileReference; lastKnownFileType = sourcecode.swift; path = PosterView.swift; sourceTree = "<group>"; };
		DEE0E22C28A380D000B77CBC /* PosterView.xib */ = {isa = PBXFileReference; lastKnownFileType = file.xib; path = PosterView.xib; sourceTree = "<group>"; };
		DEE0E22E28A3830E00B77CBC /* RecommendationsCollectionViewCell.swift */ = {isa = PBXFileReference; lastKnownFileType = sourcecode.swift; path = RecommendationsCollectionViewCell.swift; sourceTree = "<group>"; };
		DEE0E22F28A3830E00B77CBC /* RecommendationsCollectionViewCell.xib */ = {isa = PBXFileReference; lastKnownFileType = file.xib; path = RecommendationsCollectionViewCell.xib; sourceTree = "<group>"; };
		DEE0E23628A38AAE00B77CBC /* RecommendationsAPIManager.swift */ = {isa = PBXFileReference; lastKnownFileType = sourcecode.swift; path = RecommendationsAPIManager.swift; sourceTree = "<group>"; };
		DEE0E23828A394BC00B77CBC /* SimilarAPIManager.swift */ = {isa = PBXFileReference; lastKnownFileType = sourcecode.swift; path = SimilarAPIManager.swift; sourceTree = "<group>"; };
		DEF0D089289F984F00AD88CB /* CastAPIManager.swift */ = {isa = PBXFileReference; lastKnownFileType = sourcecode.swift; path = CastAPIManager.swift; sourceTree = "<group>"; };
/* End PBXFileReference section */

/* Begin PBXFrameworksBuildPhase section */
		DE0C36B52899F6BD0041D6D1 /* Frameworks */ = {
			isa = PBXFrameworksBuildPhase;
			buildActionMask = 2147483647;
			files = (
				DE3AB24F289C0F66009396B3 /* Kingfisher in Frameworks */,
				DE5DE38E28AB7BEC004081AB /* SeSACFramework.framework in Frameworks */,
				DE9207B1293455320077BA13 /* StoreKit.framework in Frameworks */,
				DE3AB249289C0374009396B3 /* SwiftyJSON in Frameworks */,
				DE3AB24C289C03B2009396B3 /* Alamofire in Frameworks */,
			);
			runOnlyForDeploymentPostprocessing = 0;
		};
/* End PBXFrameworksBuildPhase section */

/* Begin PBXGroup section */
		DE0C36AF2899F6BD0041D6D1 = {
			isa = PBXGroup;
			children = (
				DE5DE37728AB74B8004081AB /* SeSACFramework.xcodeproj */,
				DE0C36CF2899F7EB0041D6D1 /* .gitignore */,
				DE0C36BA2899F6BD0041D6D1 /* SeSACTMDBProject */,
				DE0C36B92899F6BD0041D6D1 /* Products */,
				DE5DE38D28AB7BEC004081AB /* Frameworks */,
			);
			sourceTree = "<group>";
		};
		DE0C36B92899F6BD0041D6D1 /* Products */ = {
			isa = PBXGroup;
			children = (
				DE0C36B82899F6BD0041D6D1 /* SeSACTMDBProject.app */,
			);
			name = Products;
			sourceTree = "<group>";
		};
		DE0C36BA2899F6BD0041D6D1 /* SeSACTMDBProject */ = {
			isa = PBXGroup;
			children = (
				DE6FD240289E74090080B99D /* Model */,
				DE8A33E7289CFC2E0062D5A7 /* APIManager */,
				DE0C36D72899FA8D0041D6D1 /* Key */,
				DE0C36DA2899FAB00041D6D1 /* Resource */,
				DE0C36D52899FA270041D6D1 /* Constant.swift */,
				DE0C36BB2899F6BD0041D6D1 /* AppDelegate.swift */,
				DE0C36BD2899F6BD0041D6D1 /* SceneDelegate.swift */,
				DE5DE38228AB7562004081AB /* Intro */,
				DE5DE38128AB754B004081AB /* MainStoryboard */,
				DE0C36C42899F6C00041D6D1 /* Assets.xcassets */,
				DE0C36C62899F6C00041D6D1 /* LaunchScreen.storyboard */,
				DE0C36C92899F6C00041D6D1 /* Info.plist */,
			);
			path = SeSACTMDBProject;
			sourceTree = "<group>";
		};
		DE0C36D72899FA8D0041D6D1 /* Key */ = {
			isa = PBXGroup;
			children = (
				DE0C36D32899F88A0041D6D1 /* APIKey.swift */,
			);
			path = Key;
			sourceTree = "<group>";
		};
		DE0C36DA2899FAB00041D6D1 /* Resource */ = {
			isa = PBXGroup;
			children = (
			);
			path = Resource;
			sourceTree = "<group>";
		};
		DE5632F928A3A16C001FB597 /* View */ = {
			isa = PBXGroup;
			children = (
				DEE0E22A28A380B400B77CBC /* PosterView.swift */,
				DEE0E22C28A380D000B77CBC /* PosterView.xib */,
			);
			path = View;
			sourceTree = "<group>";
		};
		DE5DE37828AB74B8004081AB /* Products */ = {
			isa = PBXGroup;
			children = (
				DE5DE37D28AB74B9004081AB /* SeSACFramework.framework */,
				DE5DE37F28AB74B9004081AB /* SeSACFrameworkTests.xctest */,
			);
			name = Products;
			sourceTree = "<group>";
		};
		DE5DE38128AB754B004081AB /* MainStoryboard */ = {
			isa = PBXGroup;
			children = (
				DE0C36C12899F6BD0041D6D1 /* Main.storyboard */,
				DE9207B2293455890077BA13 /* InAppViewController.swift */,
				DE184ACD28A4EDED003C73D1 /* MapViewController.swift */,
				DE5632F928A3A16C001FB597 /* View */,
				DEA189DE28A246100010692F /* Main */,
				DEDC8AA028A021EC0028E399 /* WebViewController.swift */,
				DEDC8A9F28A021D90028E399 /* Cast */,
				DE8A33E6289CF72D0062D5A7 /* Search */,
			);
			path = MainStoryboard;
			sourceTree = "<group>";
		};
		DE5DE38228AB7562004081AB /* Intro */ = {
			isa = PBXGroup;
			children = (
				DE5DE38328AB7573004081AB /* Intro.storyboard */,
				DE5DE38528AB75AD004081AB /* IntroPageViewController.swift */,
				DE5DE38728AB75D5004081AB /* FirstViewController.swift */,
				DE5DE38928AB75DD004081AB /* SecondViewController.swift */,
				DE5DE38B28AB75E3004081AB /* ThirdViewController.swift */,
			);
			path = Intro;
			sourceTree = "<group>";
		};
		DE5DE38D28AB7BEC004081AB /* Frameworks */ = {
			isa = PBXGroup;
			children = (
				DE9207B0293455320077BA13 /* StoreKit.framework */,
			);
			name = Frameworks;
			sourceTree = "<group>";
		};
		DE6FD240289E74090080B99D /* Model */ = {
			isa = PBXGroup;
			children = (
				DE6FD241289E74120080B99D /* Movie.swift */,
			);
			path = Model;
			sourceTree = "<group>";
		};
		DE8A33E6289CF72D0062D5A7 /* Search */ = {
			isa = PBXGroup;
			children = (
				DE0C36D12899F86F0041D6D1 /* SearchViewController.swift */,
				DE3AB243289BFBEC009396B3 /* SearchCollectionViewCell.swift */,
				DE3AB244289BFBEC009396B3 /* SearchCollectionViewCell.xib */,
			);
			path = Search;
			sourceTree = "<group>";
		};
		DE8A33E7289CFC2E0062D5A7 /* APIManager */ = {
			isa = PBXGroup;
			children = (
				DE8A33E8289CFC400062D5A7 /* SearchAPIManager.swift */,
				DE6FD23E289E73510080B99D /* MovieAPIManager.swift */,
				DE6FD243289E862A0080B99D /* GenreAPIManager.swift */,
				DEF0D089289F984F00AD88CB /* CastAPIManager.swift */,
				DEE0E23628A38AAE00B77CBC /* RecommendationsAPIManager.swift */,
				DEE0E23828A394BC00B77CBC /* SimilarAPIManager.swift */,
				DEDC8AA228A026CD0028E399 /* VideoAPIManager.swift */,
				DEA0346428A3A743002633C3 /* GroupsAPIManager.swift */,
				DED10E8C28ACD16600D9CEAA /* TMDBAPIManager.swift */,
			);
			path = APIManager;
			sourceTree = "<group>";
		};
		DEA189DE28A246100010692F /* Main */ = {
			isa = PBXGroup;
			children = (
				DE10F77128A2431C00E78677 /* MainViewController.swift */,
				DEA189D828A244050010692F /* MainTableViewCell.swift */,
				DEA189DA28A246090010692F /* CardCollectionViewCell.swift */,
				DEA189DB28A2460A0010692F /* CardCollectionViewCell.xib */,
			);
			path = Main;
			sourceTree = "<group>";
		};
		DEDC8A9F28A021D90028E399 /* Cast */ = {
			isa = PBXGroup;
			children = (
				DE6FD23A289E30270080B99D /* CastTableViewController.swift */,
				DE6FD23C289E34DF0080B99D /* CastTableViewCell.swift */,
				DE1A7F8D289FFBE600882B70 /* CastOverviewTableViewCell.swift */,
				DE1A7F8E289FFBE600882B70 /* CastOverviewTableViewCell.xib */,
				DEE0E22628A3800800B77CBC /* RecommendationsTableViewCell.swift */,
				DEE0E22E28A3830E00B77CBC /* RecommendationsCollectionViewCell.swift */,
				DEE0E22F28A3830E00B77CBC /* RecommendationsCollectionViewCell.xib */,
			);
			path = Cast;
			sourceTree = "<group>";
		};
/* End PBXGroup section */

/* Begin PBXNativeTarget section */
		DE0C36B72899F6BD0041D6D1 /* SeSACTMDBProject */ = {
			isa = PBXNativeTarget;
			buildConfigurationList = DE0C36CC2899F6C00041D6D1 /* Build configuration list for PBXNativeTarget "SeSACTMDBProject" */;
			buildPhases = (
				DE0C36B42899F6BD0041D6D1 /* Sources */,
				DE0C36B52899F6BD0041D6D1 /* Frameworks */,
				DE0C36B62899F6BD0041D6D1 /* Resources */,
				DE5DE39028AB7BEC004081AB /* Embed Frameworks */,
			);
			buildRules = (
			);
			dependencies = (
			);
			name = SeSACTMDBProject;
			packageProductDependencies = (
				DE3AB248289C0374009396B3 /* SwiftyJSON */,
				DE3AB24B289C03B2009396B3 /* Alamofire */,
				DE3AB24E289C0F66009396B3 /* Kingfisher */,
			);
			productName = SeSACTMDBProject;
			productReference = DE0C36B82899F6BD0041D6D1 /* SeSACTMDBProject.app */;
			productType = "com.apple.product-type.application";
		};
/* End PBXNativeTarget section */

/* Begin PBXProject section */
		DE0C36B02899F6BD0041D6D1 /* Project object */ = {
			isa = PBXProject;
			attributes = {
				BuildIndependentTargetsInParallel = 1;
				LastSwiftUpdateCheck = 1330;
				LastUpgradeCheck = 1330;
				TargetAttributes = {
					DE0C36B72899F6BD0041D6D1 = {
						CreatedOnToolsVersion = 13.3.1;
					};
				};
			};
			buildConfigurationList = DE0C36B32899F6BD0041D6D1 /* Build configuration list for PBXProject "SeSACTMDBProject" */;
			compatibilityVersion = "Xcode 13.0";
			developmentRegion = en;
			hasScannedForEncodings = 0;
			knownRegions = (
				en,
				Base,
			);
			mainGroup = DE0C36AF2899F6BD0041D6D1;
			packageReferences = (
				DE3AB247289C0374009396B3 /* XCRemoteSwiftPackageReference "SwiftyJSON" */,
				DE3AB24A289C03B2009396B3 /* XCRemoteSwiftPackageReference "Alamofire" */,
				DE3AB24D289C0F66009396B3 /* XCRemoteSwiftPackageReference "Kingfisher" */,
			);
			productRefGroup = DE0C36B92899F6BD0041D6D1 /* Products */;
			projectDirPath = "";
			projectReferences = (
				{
					ProductGroup = DE5DE37828AB74B8004081AB /* Products */;
					ProjectRef = DE5DE37728AB74B8004081AB /* SeSACFramework.xcodeproj */;
				},
			);
			projectRoot = "";
			targets = (
				DE0C36B72899F6BD0041D6D1 /* SeSACTMDBProject */,
			);
		};
/* End PBXProject section */

/* Begin PBXReferenceProxy section */
		DE5DE37D28AB74B9004081AB /* SeSACFramework.framework */ = {
			isa = PBXReferenceProxy;
			fileType = wrapper.framework;
			path = SeSACFramework.framework;
			remoteRef = DE5DE37C28AB74B9004081AB /* PBXContainerItemProxy */;
			sourceTree = BUILT_PRODUCTS_DIR;
		};
		DE5DE37F28AB74B9004081AB /* SeSACFrameworkTests.xctest */ = {
			isa = PBXReferenceProxy;
			fileType = wrapper.cfbundle;
			path = SeSACFrameworkTests.xctest;
			remoteRef = DE5DE37E28AB74B9004081AB /* PBXContainerItemProxy */;
			sourceTree = BUILT_PRODUCTS_DIR;
		};
/* End PBXReferenceProxy section */

/* Begin PBXResourcesBuildPhase section */
		DE0C36B62899F6BD0041D6D1 /* Resources */ = {
			isa = PBXResourcesBuildPhase;
			buildActionMask = 2147483647;
			files = (
				DE0C36D02899F7EB0041D6D1 /* .gitignore in Resources */,
				DE1A7F90289FFBE600882B70 /* CastOverviewTableViewCell.xib in Resources */,
				DEE0E22D28A380D000B77CBC /* PosterView.xib in Resources */,
				DE0C36C82899F6C00041D6D1 /* LaunchScreen.storyboard in Resources */,
				DE3AB246289BFBEC009396B3 /* SearchCollectionViewCell.xib in Resources */,
				DE0C36C52899F6C00041D6D1 /* Assets.xcassets in Resources */,
				DEA189DD28A2460A0010692F /* CardCollectionViewCell.xib in Resources */,
				DE0C36C32899F6BD0041D6D1 /* Main.storyboard in Resources */,
				DEE0E23128A3830E00B77CBC /* RecommendationsCollectionViewCell.xib in Resources */,
				DE5DE38428AB7573004081AB /* Intro.storyboard in Resources */,
			);
			runOnlyForDeploymentPostprocessing = 0;
		};
/* End PBXResourcesBuildPhase section */

/* Begin PBXSourcesBuildPhase section */
		DE0C36B42899F6BD0041D6D1 /* Sources */ = {
			isa = PBXSourcesBuildPhase;
			buildActionMask = 2147483647;
			files = (
				DEE0E23928A394BC00B77CBC /* SimilarAPIManager.swift in Sources */,
				DE5DE38628AB75AD004081AB /* IntroPageViewController.swift in Sources */,
				DE5DE38A28AB75DD004081AB /* SecondViewController.swift in Sources */,
				DEE0E23728A38AAE00B77CBC /* RecommendationsAPIManager.swift in Sources */,
				DEE0E22828A3800800B77CBC /* RecommendationsTableViewCell.swift in Sources */,
				DE8A33E9289CFC400062D5A7 /* SearchAPIManager.swift in Sources */,
				DE0C36BC2899F6BD0041D6D1 /* AppDelegate.swift in Sources */,
				DEF0D08A289F984F00AD88CB /* CastAPIManager.swift in Sources */,
				DED10E8D28ACD16600D9CEAA /* TMDBAPIManager.swift in Sources */,
				DE1A7F8F289FFBE600882B70 /* CastOverviewTableViewCell.swift in Sources */,
				DEE0E22B28A380B400B77CBC /* PosterView.swift in Sources */,
				DE9207B3293455890077BA13 /* InAppViewController.swift in Sources */,
				DE6FD23B289E30270080B99D /* CastTableViewController.swift in Sources */,
				DE0C36D22899F86F0041D6D1 /* SearchViewController.swift in Sources */,
				DEA189DC28A2460A0010692F /* CardCollectionViewCell.swift in Sources */,
				DE0C36BE2899F6BD0041D6D1 /* SceneDelegate.swift in Sources */,
				DE10F77228A2431C00E78677 /* MainViewController.swift in Sources */,
				DEA0346528A3A743002633C3 /* GroupsAPIManager.swift in Sources */,
				DE0C36D42899F88A0041D6D1 /* APIKey.swift in Sources */,
				DE6FD244289E862A0080B99D /* GenreAPIManager.swift in Sources */,
				DEA189D928A244050010692F /* MainTableViewCell.swift in Sources */,
				DE3AB245289BFBEC009396B3 /* SearchCollectionViewCell.swift in Sources */,
				DE6FD23F289E73510080B99D /* MovieAPIManager.swift in Sources */,
				DE184ACE28A4EDED003C73D1 /* MapViewController.swift in Sources */,
				DE5DE38C28AB75E3004081AB /* ThirdViewController.swift in Sources */,
				DE0C36D62899FA270041D6D1 /* Constant.swift in Sources */,
				DEE0E23028A3830E00B77CBC /* RecommendationsCollectionViewCell.swift in Sources */,
				DEDC8AA328A026CD0028E399 /* VideoAPIManager.swift in Sources */,
				DE6FD242289E74120080B99D /* Movie.swift in Sources */,
				DEDC8AA128A021EC0028E399 /* WebViewController.swift in Sources */,
				DE6FD23D289E34DF0080B99D /* CastTableViewCell.swift in Sources */,
				DE5DE38828AB75D5004081AB /* FirstViewController.swift in Sources */,
			);
			runOnlyForDeploymentPostprocessing = 0;
		};
/* End PBXSourcesBuildPhase section */

/* Begin PBXVariantGroup section */
		DE0C36C12899F6BD0041D6D1 /* Main.storyboard */ = {
			isa = PBXVariantGroup;
			children = (
				DE0C36C22899F6BD0041D6D1 /* Base */,
			);
			name = Main.storyboard;
			sourceTree = "<group>";
		};
		DE0C36C62899F6C00041D6D1 /* LaunchScreen.storyboard */ = {
			isa = PBXVariantGroup;
			children = (
				DE0C36C72899F6C00041D6D1 /* Base */,
			);
			name = LaunchScreen.storyboard;
			sourceTree = "<group>";
		};
/* End PBXVariantGroup section */

/* Begin XCBuildConfiguration section */
		DE0C36CA2899F6C00041D6D1 /* Debug */ = {
			isa = XCBuildConfiguration;
			buildSettings = {
				ALWAYS_SEARCH_USER_PATHS = NO;
				CLANG_ANALYZER_NONNULL = YES;
				CLANG_ANALYZER_NUMBER_OBJECT_CONVERSION = YES_AGGRESSIVE;
				CLANG_CXX_LANGUAGE_STANDARD = "gnu++17";
				CLANG_ENABLE_MODULES = YES;
				CLANG_ENABLE_OBJC_ARC = YES;
				CLANG_ENABLE_OBJC_WEAK = YES;
				CLANG_WARN_BLOCK_CAPTURE_AUTORELEASING = YES;
				CLANG_WARN_BOOL_CONVERSION = YES;
				CLANG_WARN_COMMA = YES;
				CLANG_WARN_CONSTANT_CONVERSION = YES;
				CLANG_WARN_DEPRECATED_OBJC_IMPLEMENTATIONS = YES;
				CLANG_WARN_DIRECT_OBJC_ISA_USAGE = YES_ERROR;
				CLANG_WARN_DOCUMENTATION_COMMENTS = YES;
				CLANG_WARN_EMPTY_BODY = YES;
				CLANG_WARN_ENUM_CONVERSION = YES;
				CLANG_WARN_INFINITE_RECURSION = YES;
				CLANG_WARN_INT_CONVERSION = YES;
				CLANG_WARN_NON_LITERAL_NULL_CONVERSION = YES;
				CLANG_WARN_OBJC_IMPLICIT_RETAIN_SELF = YES;
				CLANG_WARN_OBJC_LITERAL_CONVERSION = YES;
				CLANG_WARN_OBJC_ROOT_CLASS = YES_ERROR;
				CLANG_WARN_QUOTED_INCLUDE_IN_FRAMEWORK_HEADER = YES;
				CLANG_WARN_RANGE_LOOP_ANALYSIS = YES;
				CLANG_WARN_STRICT_PROTOTYPES = YES;
				CLANG_WARN_SUSPICIOUS_MOVE = YES;
				CLANG_WARN_UNGUARDED_AVAILABILITY = YES_AGGRESSIVE;
				CLANG_WARN_UNREACHABLE_CODE = YES;
				CLANG_WARN__DUPLICATE_METHOD_MATCH = YES;
				COPY_PHASE_STRIP = NO;
				DEBUG_INFORMATION_FORMAT = dwarf;
				ENABLE_STRICT_OBJC_MSGSEND = YES;
				ENABLE_TESTABILITY = YES;
				GCC_C_LANGUAGE_STANDARD = gnu11;
				GCC_DYNAMIC_NO_PIC = NO;
				GCC_NO_COMMON_BLOCKS = YES;
				GCC_OPTIMIZATION_LEVEL = 0;
				GCC_PREPROCESSOR_DEFINITIONS = (
					"DEBUG=1",
					"$(inherited)",
				);
				GCC_WARN_64_TO_32_BIT_CONVERSION = YES;
				GCC_WARN_ABOUT_RETURN_TYPE = YES_ERROR;
				GCC_WARN_UNDECLARED_SELECTOR = YES;
				GCC_WARN_UNINITIALIZED_AUTOS = YES_AGGRESSIVE;
				GCC_WARN_UNUSED_FUNCTION = YES;
				GCC_WARN_UNUSED_VARIABLE = YES;
				IPHONEOS_DEPLOYMENT_TARGET = 15.4;
				MTL_ENABLE_DEBUG_INFO = INCLUDE_SOURCE;
				MTL_FAST_MATH = YES;
				ONLY_ACTIVE_ARCH = YES;
				SDKROOT = iphoneos;
				SWIFT_ACTIVE_COMPILATION_CONDITIONS = DEBUG;
				SWIFT_OPTIMIZATION_LEVEL = "-Onone";
			};
			name = Debug;
		};
		DE0C36CB2899F6C00041D6D1 /* Release */ = {
			isa = XCBuildConfiguration;
			buildSettings = {
				ALWAYS_SEARCH_USER_PATHS = NO;
				CLANG_ANALYZER_NONNULL = YES;
				CLANG_ANALYZER_NUMBER_OBJECT_CONVERSION = YES_AGGRESSIVE;
				CLANG_CXX_LANGUAGE_STANDARD = "gnu++17";
				CLANG_ENABLE_MODULES = YES;
				CLANG_ENABLE_OBJC_ARC = YES;
				CLANG_ENABLE_OBJC_WEAK = YES;
				CLANG_WARN_BLOCK_CAPTURE_AUTORELEASING = YES;
				CLANG_WARN_BOOL_CONVERSION = YES;
				CLANG_WARN_COMMA = YES;
				CLANG_WARN_CONSTANT_CONVERSION = YES;
				CLANG_WARN_DEPRECATED_OBJC_IMPLEMENTATIONS = YES;
				CLANG_WARN_DIRECT_OBJC_ISA_USAGE = YES_ERROR;
				CLANG_WARN_DOCUMENTATION_COMMENTS = YES;
				CLANG_WARN_EMPTY_BODY = YES;
				CLANG_WARN_ENUM_CONVERSION = YES;
				CLANG_WARN_INFINITE_RECURSION = YES;
				CLANG_WARN_INT_CONVERSION = YES;
				CLANG_WARN_NON_LITERAL_NULL_CONVERSION = YES;
				CLANG_WARN_OBJC_IMPLICIT_RETAIN_SELF = YES;
				CLANG_WARN_OBJC_LITERAL_CONVERSION = YES;
				CLANG_WARN_OBJC_ROOT_CLASS = YES_ERROR;
				CLANG_WARN_QUOTED_INCLUDE_IN_FRAMEWORK_HEADER = YES;
				CLANG_WARN_RANGE_LOOP_ANALYSIS = YES;
				CLANG_WARN_STRICT_PROTOTYPES = YES;
				CLANG_WARN_SUSPICIOUS_MOVE = YES;
				CLANG_WARN_UNGUARDED_AVAILABILITY = YES_AGGRESSIVE;
				CLANG_WARN_UNREACHABLE_CODE = YES;
				CLANG_WARN__DUPLICATE_METHOD_MATCH = YES;
				COPY_PHASE_STRIP = NO;
				DEBUG_INFORMATION_FORMAT = "dwarf-with-dsym";
				ENABLE_NS_ASSERTIONS = NO;
				ENABLE_STRICT_OBJC_MSGSEND = YES;
				GCC_C_LANGUAGE_STANDARD = gnu11;
				GCC_NO_COMMON_BLOCKS = YES;
				GCC_WARN_64_TO_32_BIT_CONVERSION = YES;
				GCC_WARN_ABOUT_RETURN_TYPE = YES_ERROR;
				GCC_WARN_UNDECLARED_SELECTOR = YES;
				GCC_WARN_UNINITIALIZED_AUTOS = YES_AGGRESSIVE;
				GCC_WARN_UNUSED_FUNCTION = YES;
				GCC_WARN_UNUSED_VARIABLE = YES;
				IPHONEOS_DEPLOYMENT_TARGET = 15.4;
				MTL_ENABLE_DEBUG_INFO = NO;
				MTL_FAST_MATH = YES;
				SDKROOT = iphoneos;
				SWIFT_COMPILATION_MODE = wholemodule;
				SWIFT_OPTIMIZATION_LEVEL = "-O";
				VALIDATE_PRODUCT = YES;
			};
			name = Release;
		};
		DE0C36CD2899F6C00041D6D1 /* Debug */ = {
			isa = XCBuildConfiguration;
			buildSettings = {
				ASSETCATALOG_COMPILER_APPICON_NAME = AppIcon;
				ASSETCATALOG_COMPILER_GLOBAL_ACCENT_COLOR_NAME = AccentColor;
				CODE_SIGN_STYLE = Automatic;
				CURRENT_PROJECT_VERSION = 1;
				DEVELOPMENT_TEAM = DV7XBU83N5;
				GENERATE_INFOPLIST_FILE = YES;
				INFOPLIST_FILE = SeSACTMDBProject/Info.plist;
				INFOPLIST_KEY_UIApplicationSupportsIndirectInputEvents = YES;
				INFOPLIST_KEY_UILaunchStoryboardName = LaunchScreen;
				INFOPLIST_KEY_UIMainStoryboardFile = Main;
				INFOPLIST_KEY_UISupportedInterfaceOrientations_iPad = "UIInterfaceOrientationPortrait UIInterfaceOrientationPortraitUpsideDown UIInterfaceOrientationLandscapeLeft UIInterfaceOrientationLandscapeRight";
				INFOPLIST_KEY_UISupportedInterfaceOrientations_iPhone = "UIInterfaceOrientationPortrait UIInterfaceOrientationLandscapeLeft UIInterfaceOrientationLandscapeRight";
				IPHONEOS_DEPLOYMENT_TARGET = 15.4;
				LD_RUNPATH_SEARCH_PATHS = (
					"$(inherited)",
					"@executable_path/Frameworks",
				);
				MARKETING_VERSION = 1.0;
				PRODUCT_BUNDLE_IDENTIFIER = com.sesac.SeSACTMDBProject;
				PRODUCT_NAME = "$(TARGET_NAME)";
				SWIFT_EMIT_LOC_STRINGS = YES;
				SWIFT_VERSION = 5.0;
				TARGETED_DEVICE_FAMILY = "1,2";
			};
			name = Debug;
		};
		DE0C36CE2899F6C00041D6D1 /* Release */ = {
			isa = XCBuildConfiguration;
			buildSettings = {
				ASSETCATALOG_COMPILER_APPICON_NAME = AppIcon;
				ASSETCATALOG_COMPILER_GLOBAL_ACCENT_COLOR_NAME = AccentColor;
				CODE_SIGN_STYLE = Automatic;
				CURRENT_PROJECT_VERSION = 1;
				DEVELOPMENT_TEAM = DV7XBU83N5;
				GENERATE_INFOPLIST_FILE = YES;
				INFOPLIST_FILE = SeSACTMDBProject/Info.plist;
				INFOPLIST_KEY_UIApplicationSupportsIndirectInputEvents = YES;
				INFOPLIST_KEY_UILaunchStoryboardName = LaunchScreen;
				INFOPLIST_KEY_UIMainStoryboardFile = Main;
				INFOPLIST_KEY_UISupportedInterfaceOrientations_iPad = "UIInterfaceOrientationPortrait UIInterfaceOrientationPortraitUpsideDown UIInterfaceOrientationLandscapeLeft UIInterfaceOrientationLandscapeRight";
				INFOPLIST_KEY_UISupportedInterfaceOrientations_iPhone = "UIInterfaceOrientationPortrait UIInterfaceOrientationLandscapeLeft UIInterfaceOrientationLandscapeRight";
				IPHONEOS_DEPLOYMENT_TARGET = 15.4;
				LD_RUNPATH_SEARCH_PATHS = (
					"$(inherited)",
					"@executable_path/Frameworks",
				);
				MARKETING_VERSION = 1.0;
				PRODUCT_BUNDLE_IDENTIFIER = com.sesac.SeSACTMDBProject;
				PRODUCT_NAME = "$(TARGET_NAME)";
				SWIFT_EMIT_LOC_STRINGS = YES;
				SWIFT_VERSION = 5.0;
				TARGETED_DEVICE_FAMILY = "1,2";
			};
			name = Release;
		};
/* End XCBuildConfiguration section */

/* Begin XCConfigurationList section */
		DE0C36B32899F6BD0041D6D1 /* Build configuration list for PBXProject "SeSACTMDBProject" */ = {
			isa = XCConfigurationList;
			buildConfigurations = (
				DE0C36CA2899F6C00041D6D1 /* Debug */,
				DE0C36CB2899F6C00041D6D1 /* Release */,
			);
			defaultConfigurationIsVisible = 0;
			defaultConfigurationName = Release;
		};
		DE0C36CC2899F6C00041D6D1 /* Build configuration list for PBXNativeTarget "SeSACTMDBProject" */ = {
			isa = XCConfigurationList;
			buildConfigurations = (
				DE0C36CD2899F6C00041D6D1 /* Debug */,
				DE0C36CE2899F6C00041D6D1 /* Release */,
			);
			defaultConfigurationIsVisible = 0;
			defaultConfigurationName = Release;
		};
/* End XCConfigurationList section */

/* Begin XCRemoteSwiftPackageReference section */
		DE3AB247289C0374009396B3 /* XCRemoteSwiftPackageReference "SwiftyJSON" */ = {
			isa = XCRemoteSwiftPackageReference;
			repositoryURL = "https://github.com/SwiftyJSON/SwiftyJSON.git";
			requirement = {
				kind = upToNextMajorVersion;
				minimumVersion = 5.0.0;
			};
		};
		DE3AB24A289C03B2009396B3 /* XCRemoteSwiftPackageReference "Alamofire" */ = {
			isa = XCRemoteSwiftPackageReference;
			repositoryURL = "https://github.com/Alamofire/Alamofire.git";
			requirement = {
				kind = upToNextMajorVersion;
				minimumVersion = 5.0.0;
			};
		};
		DE3AB24D289C0F66009396B3 /* XCRemoteSwiftPackageReference "Kingfisher" */ = {
			isa = XCRemoteSwiftPackageReference;
			repositoryURL = "https://github.com/onevcat/Kingfisher.git";
			requirement = {
				kind = upToNextMajorVersion;
				minimumVersion = 7.0.0;
			};
		};
/* End XCRemoteSwiftPackageReference section */

/* Begin XCSwiftPackageProductDependency section */
		DE3AB248289C0374009396B3 /* SwiftyJSON */ = {
			isa = XCSwiftPackageProductDependency;
			package = DE3AB247289C0374009396B3 /* XCRemoteSwiftPackageReference "SwiftyJSON" */;
			productName = SwiftyJSON;
		};
		DE3AB24B289C03B2009396B3 /* Alamofire */ = {
			isa = XCSwiftPackageProductDependency;
			package = DE3AB24A289C03B2009396B3 /* XCRemoteSwiftPackageReference "Alamofire" */;
			productName = Alamofire;
		};
		DE3AB24E289C0F66009396B3 /* Kingfisher */ = {
			isa = XCSwiftPackageProductDependency;
			package = DE3AB24D289C0F66009396B3 /* XCRemoteSwiftPackageReference "Kingfisher" */;
			productName = Kingfisher;
		};
/* End XCSwiftPackageProductDependency section */
	};
	rootObject = DE0C36B02899F6BD0041D6D1 /* Project object */;
}
